
Microsoft Visual Studio Solution File, Format Version 12.00
# Visual Studio 15
VisualStudioVersion = 15.0.28307.539
MinimumVisualStudioVersion = 10.0.40219.1
Project("{FAE04EC0-301F-11D3-BF4B-00C04F79EFBC}") = "webapi", "webapi\webapi.csproj", "{6E942E80-F152-4287-9065-1154B970C2AB}"
EndProject
Project("{FAE04EC0-301F-11D3-BF4B-00C04F79EFBC}") = "webapi.Tests", "webapi.Tests\webapi.Tests.csproj", "{779DE8A4-74C6-405C-816D-F182F5BC1369}"
EndProject
Global
	GlobalSection(SolutionConfigurationPlatforms) = preSolution
		Debug|Any CPU = Debug|Any CPU
		Release|Any CPU = Release|Any CPU
	EndGlobalSection
	GlobalSection(ProjectConfigurationPlatforms) = postSolution
		{6E942E80-F152-4287-9065-1154B970C2AB}.Debug|Any CPU.ActiveCfg = Debug|Any CPU
		{6E942E80-F152-4287-9065-1154B970C2AB}.Debug|Any CPU.Build.0 = Debug|Any CPU
		{6E942E80-F152-4287-9065-1154B970C2AB}.Release|Any CPU.ActiveCfg = Release|Any CPU
		{6E942E80-F152-4287-9065-1154B970C2AB}.Release|Any CPU.Build.0 = Release|Any CPU
		{779DE8A4-74C6-405C-816D-F182F5BC1369}.Debug|Any CPU.ActiveCfg = Debug|Any CPU
		{779DE8A4-74C6-405C-816D-F182F5BC1369}.Debug|Any CPU.Build.0 = Debug|Any CPU
		{779DE8A4-74C6-405C-816D-F182F5BC1369}.Release|Any CPU.ActiveCfg = Release|Any CPU
		{779DE8A4-74C6-405C-816D-F182F5BC1369}.Release|Any CPU.Build.0 = Release|Any CPU
	EndGlobalSection
	GlobalSection(SolutionProperties) = preSolution
		HideSolutionNode = FALSE
	EndGlobalSection
	GlobalSection(ExtensibilityGlobals) = postSolution
		SolutionGuid = {D0449BFC-DB66-4923-A40B-D0B38D68DAE0}
	EndGlobalSection
EndGlobal
